// !$*UTF8*$!
{
	archiveVersion = 1;
	classes = {
	};
	objectVersion = 51;
	objects = {

/* Begin PBXBuildFile section */
		392D2247247BB57E0090E326 /* PreviewCell.swift in Sources */ = {isa = PBXBuildFile; fileRef = 392D2246247BB57E0090E326 /* PreviewCell.swift */; };
		392D2249247BB6B40090E326 /* PreviewScreenHotsController.swift in Sources */ = {isa = PBXBuildFile; fileRef = 392D2248247BB6B40090E326 /* PreviewScreenHotsController.swift */; };
		392D224B247BE8310090E326 /* ReviewRowCell.swift in Sources */ = {isa = PBXBuildFile; fileRef = 392D224A247BE8310090E326 /* ReviewRowCell.swift */; };
		392D224D247BE9BA0090E326 /* ReviewsController.swift in Sources */ = {isa = PBXBuildFile; fileRef = 392D224C247BE9BA0090E326 /* ReviewsController.swift */; };
		392D224F247BEB290090E326 /* ReviewCell.swift in Sources */ = {isa = PBXBuildFile; fileRef = 392D224E247BEB290090E326 /* ReviewCell.swift */; };
		392D2251247BF13C0090E326 /* Reviews.swift in Sources */ = {isa = PBXBuildFile; fileRef = 392D2250247BF13C0090E326 /* Reviews.swift */; };
		392D24912475155500D74292 /* AppsPageController.swift in Sources */ = {isa = PBXBuildFile; fileRef = 392D24902475155500D74292 /* AppsPageController.swift */; };
		392D24932475163600D74292 /* BaseListController.swift in Sources */ = {isa = PBXBuildFile; fileRef = 392D24922475163600D74292 /* BaseListController.swift */; };
		392D2496247518D800D74292 /* AppsGroupCell.swift in Sources */ = {isa = PBXBuildFile; fileRef = 392D2495247518D800D74292 /* AppsGroupCell.swift */; };
		392D249824751BF400D74292 /* AppsHorizontalController.swift in Sources */ = {isa = PBXBuildFile; fileRef = 392D249724751BF400D74292 /* AppsHorizontalController.swift */; };
		39519A4A247B6FB9005976BD /* HorizontalSnappingController.swift in Sources */ = {isa = PBXBuildFile; fileRef = 39519A49247B6FB9005976BD /* HorizontalSnappingController.swift */; };
		39519A4C247B7635005976BD /* BetterSnappingLayout.swift in Sources */ = {isa = PBXBuildFile; fileRef = 39519A4B247B7635005976BD /* BetterSnappingLayout.swift */; };
		39793156247B974000216F70 /* AppDetailController.swift in Sources */ = {isa = PBXBuildFile; fileRef = 39793155247B974000216F70 /* AppDetailController.swift */; };
		39793159247BA5A000216F70 /* AppDetailCell.swift in Sources */ = {isa = PBXBuildFile; fileRef = 39793158247BA5A000216F70 /* AppDetailCell.swift */; };
		397D23B924765AC5002F116E /* AppsHeaderHorizontalController.swift in Sources */ = {isa = PBXBuildFile; fileRef = 397D23B824765AC5002F116E /* AppsHeaderHorizontalController.swift */; };
		397D23BB24765C6A002F116E /* AppsHeaderCell.swift in Sources */ = {isa = PBXBuildFile; fileRef = 397D23BA24765C6A002F116E /* AppsHeaderCell.swift */; };
		397D23BD247665AD002F116E /* AppGroup.swift in Sources */ = {isa = PBXBuildFile; fileRef = 397D23BC247665AD002F116E /* AppGroup.swift */; };
		399BFF7B2476B1B800FE873E /* SocialApp.swift in Sources */ = {isa = PBXBuildFile; fileRef = 399BFF7A2476B1B800FE873E /* SocialApp.swift */; };
		39D213952474019C00030C8B /* SearchResult.swift in Sources */ = {isa = PBXBuildFile; fileRef = 39D213942474019C00030C8B /* SearchResult.swift */; };
		39D213982474055800030C8B /* Service.swift in Sources */ = {isa = PBXBuildFile; fileRef = 39D213972474055800030C8B /* Service.swift */; };
		39EFAFC1247114BE00A5E02C /* AppDelegate.swift in Sources */ = {isa = PBXBuildFile; fileRef = 39EFAFC0247114BE00A5E02C /* AppDelegate.swift */; };
		39EFAFC3247114BE00A5E02C /* SceneDelegate.swift in Sources */ = {isa = PBXBuildFile; fileRef = 39EFAFC2247114BE00A5E02C /* SceneDelegate.swift */; };
		39EFAFCA247114C200A5E02C /* Assets.xcassets in Resources */ = {isa = PBXBuildFile; fileRef = 39EFAFC9247114C200A5E02C /* Assets.xcassets */; };
		39EFAFCD247114C200A5E02C /* LaunchScreen.storyboard in Resources */ = {isa = PBXBuildFile; fileRef = 39EFAFCB247114C200A5E02C /* LaunchScreen.storyboard */; };
		39EFAFD8247114C200A5E02C /* AppStoreTests.swift in Sources */ = {isa = PBXBuildFile; fileRef = 39EFAFD7247114C200A5E02C /* AppStoreTests.swift */; };
		39EFB0112471173100A5E02C /* BaseTabBarController.swift in Sources */ = {isa = PBXBuildFile; fileRef = 39EFB0102471173100A5E02C /* BaseTabBarController.swift */; };
		39EFB013247122EB00A5E02C /* AppsSearchController.swift in Sources */ = {isa = PBXBuildFile; fileRef = 39EFB012247122EB00A5E02C /* AppsSearchController.swift */; };
		39EFB0162471332000A5E02C /* SearchResultCell.swift in Sources */ = {isa = PBXBuildFile; fileRef = 39EFB0152471332000A5E02C /* SearchResultCell.swift */; };
		39EFB0192472AEF800A5E02C /* UIView+Layout.swift in Sources */ = {isa = PBXBuildFile; fileRef = 39EFB0182472AEF800A5E02C /* UIView+Layout.swift */; };
		39EFB01B2472B7A800A5E02C /* VerticalStackView.swift in Sources */ = {isa = PBXBuildFile; fileRef = 39EFB01A2472B7A800A5E02C /* VerticalStackView.swift */; };
		39F1D70724755890004F0AB9 /* AppRowCell.swift in Sources */ = {isa = PBXBuildFile; fileRef = 39F1D70624755890004F0AB9 /* AppRowCell.swift */; };
		39F1D70924755945004F0AB9 /* Extensions.swift in Sources */ = {isa = PBXBuildFile; fileRef = 39F1D70824755945004F0AB9 /* Extensions.swift */; };
		39F1D70B24755E8B004F0AB9 /* AppsPageHeader.swift in Sources */ = {isa = PBXBuildFile; fileRef = 39F1D70A24755E8B004F0AB9 /* AppsPageHeader.swift */; };
		78A8C7107EEEAB63FDE6B84A /* Pods_AppStoreTests.framework in Frameworks */ = {isa = PBXBuildFile; fileRef = A85BE23914FFCE7F323BF3CD /* Pods_AppStoreTests.framework */; };
		97AC37A0E5FBECD0226AC527 /* Pods_AppStore.framework in Frameworks */ = {isa = PBXBuildFile; fileRef = 2CDA13BD76404A0B10ACA904 /* Pods_AppStore.framework */; };
/* End PBXBuildFile section */

/* Begin PBXContainerItemProxy section */
		39EFAFD4247114C200A5E02C /* PBXContainerItemProxy */ = {
			isa = PBXContainerItemProxy;
			containerPortal = 39EFAFB5247114BE00A5E02C /* Project object */;
			proxyType = 1;
			remoteGlobalIDString = 39EFAFBC247114BE00A5E02C;
			remoteInfo = AppStore;
		};
/* End PBXContainerItemProxy section */

/* Begin PBXFileReference section */
		2CDA13BD76404A0B10ACA904 /* Pods_AppStore.framework */ = {isa = PBXFileReference; explicitFileType = wrapper.framework; includeInIndex = 0; path = Pods_AppStore.framework; sourceTree = BUILT_PRODUCTS_DIR; };
		392D2246247BB57E0090E326 /* PreviewCell.swift */ = {isa = PBXFileReference; lastKnownFileType = sourcecode.swift; path = PreviewCell.swift; sourceTree = "<group>"; };
		392D2248247BB6B40090E326 /* PreviewScreenHotsController.swift */ = {isa = PBXFileReference; lastKnownFileType = sourcecode.swift; path = PreviewScreenHotsController.swift; sourceTree = "<group>"; };
		392D224A247BE8310090E326 /* ReviewRowCell.swift */ = {isa = PBXFileReference; lastKnownFileType = sourcecode.swift; path = ReviewRowCell.swift; sourceTree = "<group>"; };
		392D224C247BE9BA0090E326 /* ReviewsController.swift */ = {isa = PBXFileReference; lastKnownFileType = sourcecode.swift; path = ReviewsController.swift; sourceTree = "<group>"; };
		392D224E247BEB290090E326 /* ReviewCell.swift */ = {isa = PBXFileReference; lastKnownFileType = sourcecode.swift; path = ReviewCell.swift; sourceTree = "<group>"; };
		392D2250247BF13C0090E326 /* Reviews.swift */ = {isa = PBXFileReference; lastKnownFileType = sourcecode.swift; path = Reviews.swift; sourceTree = "<group>"; };
		392D24902475155500D74292 /* AppsPageController.swift */ = {isa = PBXFileReference; lastKnownFileType = sourcecode.swift; path = AppsPageController.swift; sourceTree = "<group>"; };
		392D24922475163600D74292 /* BaseListController.swift */ = {isa = PBXFileReference; lastKnownFileType = sourcecode.swift; path = BaseListController.swift; sourceTree = "<group>"; };
		392D2495247518D800D74292 /* AppsGroupCell.swift */ = {isa = PBXFileReference; lastKnownFileType = sourcecode.swift; path = AppsGroupCell.swift; sourceTree = "<group>"; };
		392D249724751BF400D74292 /* AppsHorizontalController.swift */ = {isa = PBXFileReference; lastKnownFileType = sourcecode.swift; path = AppsHorizontalController.swift; sourceTree = "<group>"; };
		39519A49247B6FB9005976BD /* HorizontalSnappingController.swift */ = {isa = PBXFileReference; lastKnownFileType = sourcecode.swift; path = HorizontalSnappingController.swift; sourceTree = "<group>"; };
		39519A4B247B7635005976BD /* BetterSnappingLayout.swift */ = {isa = PBXFileReference; lastKnownFileType = sourcecode.swift; path = BetterSnappingLayout.swift; sourceTree = "<group>"; };
		39793155247B974000216F70 /* AppDetailController.swift */ = {isa = PBXFileReference; lastKnownFileType = sourcecode.swift; path = AppDetailController.swift; sourceTree = "<group>"; };
		39793158247BA5A000216F70 /* AppDetailCell.swift */ = {isa = PBXFileReference; lastKnownFileType = sourcecode.swift; path = AppDetailCell.swift; sourceTree = "<group>"; };
		397D23B824765AC5002F116E /* AppsHeaderHorizontalController.swift */ = {isa = PBXFileReference; lastKnownFileType = sourcecode.swift; path = AppsHeaderHorizontalController.swift; sourceTree = "<group>"; };
		397D23BA24765C6A002F116E /* AppsHeaderCell.swift */ = {isa = PBXFileReference; lastKnownFileType = sourcecode.swift; path = AppsHeaderCell.swift; sourceTree = "<group>"; };
		397D23BC247665AD002F116E /* AppGroup.swift */ = {isa = PBXFileReference; lastKnownFileType = sourcecode.swift; path = AppGroup.swift; sourceTree = "<group>"; };
		399BFF7A2476B1B800FE873E /* SocialApp.swift */ = {isa = PBXFileReference; lastKnownFileType = sourcecode.swift; path = SocialApp.swift; sourceTree = "<group>"; };
		39D213942474019C00030C8B /* SearchResult.swift */ = {isa = PBXFileReference; lastKnownFileType = sourcecode.swift; path = SearchResult.swift; sourceTree = "<group>"; };
		39D213972474055800030C8B /* Service.swift */ = {isa = PBXFileReference; lastKnownFileType = sourcecode.swift; path = Service.swift; sourceTree = "<group>"; };
		39EFAFBD247114BE00A5E02C /* AppStore.app */ = {isa = PBXFileReference; explicitFileType = wrapper.application; includeInIndex = 0; path = AppStore.app; sourceTree = BUILT_PRODUCTS_DIR; };
		39EFAFC0247114BE00A5E02C /* AppDelegate.swift */ = {isa = PBXFileReference; lastKnownFileType = sourcecode.swift; path = AppDelegate.swift; sourceTree = "<group>"; };
		39EFAFC2247114BE00A5E02C /* SceneDelegate.swift */ = {isa = PBXFileReference; lastKnownFileType = sourcecode.swift; path = SceneDelegate.swift; sourceTree = "<group>"; };
		39EFAFC9247114C200A5E02C /* Assets.xcassets */ = {isa = PBXFileReference; lastKnownFileType = folder.assetcatalog; path = Assets.xcassets; sourceTree = "<group>"; };
		39EFAFCC247114C200A5E02C /* Base */ = {isa = PBXFileReference; lastKnownFileType = file.storyboard; name = Base; path = Base.lproj/LaunchScreen.storyboard; sourceTree = "<group>"; };
		39EFAFCE247114C200A5E02C /* Info.plist */ = {isa = PBXFileReference; lastKnownFileType = text.plist.xml; path = Info.plist; sourceTree = "<group>"; };
		39EFAFD3247114C200A5E02C /* AppStoreTests.xctest */ = {isa = PBXFileReference; explicitFileType = wrapper.cfbundle; includeInIndex = 0; path = AppStoreTests.xctest; sourceTree = BUILT_PRODUCTS_DIR; };
		39EFAFD7247114C200A5E02C /* AppStoreTests.swift */ = {isa = PBXFileReference; lastKnownFileType = sourcecode.swift; path = AppStoreTests.swift; sourceTree = "<group>"; };
		39EFAFD9247114C200A5E02C /* Info.plist */ = {isa = PBXFileReference; lastKnownFileType = text.plist.xml; path = Info.plist; sourceTree = "<group>"; };
		39EFB0102471173100A5E02C /* BaseTabBarController.swift */ = {isa = PBXFileReference; lastKnownFileType = sourcecode.swift; path = BaseTabBarController.swift; sourceTree = "<group>"; };
		39EFB012247122EB00A5E02C /* AppsSearchController.swift */ = {isa = PBXFileReference; lastKnownFileType = sourcecode.swift; path = AppsSearchController.swift; sourceTree = "<group>"; };
		39EFB0152471332000A5E02C /* SearchResultCell.swift */ = {isa = PBXFileReference; lastKnownFileType = sourcecode.swift; path = SearchResultCell.swift; sourceTree = "<group>"; };
		39EFB0182472AEF800A5E02C /* UIView+Layout.swift */ = {isa = PBXFileReference; lastKnownFileType = sourcecode.swift; path = "UIView+Layout.swift"; sourceTree = "<group>"; };
		39EFB01A2472B7A800A5E02C /* VerticalStackView.swift */ = {isa = PBXFileReference; lastKnownFileType = sourcecode.swift; path = VerticalStackView.swift; sourceTree = "<group>"; };
		39F1D70624755890004F0AB9 /* AppRowCell.swift */ = {isa = PBXFileReference; lastKnownFileType = sourcecode.swift; path = AppRowCell.swift; sourceTree = "<group>"; };
		39F1D70824755945004F0AB9 /* Extensions.swift */ = {isa = PBXFileReference; lastKnownFileType = sourcecode.swift; path = Extensions.swift; sourceTree = "<group>"; };
		39F1D70A24755E8B004F0AB9 /* AppsPageHeader.swift */ = {isa = PBXFileReference; lastKnownFileType = sourcecode.swift; path = AppsPageHeader.swift; sourceTree = "<group>"; };
		7F3808451271A43093319A2E /* Pods-AppStoreTests.debug.xcconfig */ = {isa = PBXFileReference; includeInIndex = 1; lastKnownFileType = text.xcconfig; name = "Pods-AppStoreTests.debug.xcconfig"; path = "Target Support Files/Pods-AppStoreTests/Pods-AppStoreTests.debug.xcconfig"; sourceTree = "<group>"; };
		9F82342676EF4BC966377CA0 /* Pods-AppStore.release.xcconfig */ = {isa = PBXFileReference; includeInIndex = 1; lastKnownFileType = text.xcconfig; name = "Pods-AppStore.release.xcconfig"; path = "Target Support Files/Pods-AppStore/Pods-AppStore.release.xcconfig"; sourceTree = "<group>"; };
		A85BE23914FFCE7F323BF3CD /* Pods_AppStoreTests.framework */ = {isa = PBXFileReference; explicitFileType = wrapper.framework; includeInIndex = 0; path = Pods_AppStoreTests.framework; sourceTree = BUILT_PRODUCTS_DIR; };
		EB6DF6599BF9B8681B4000FF /* Pods-AppStoreTests.release.xcconfig */ = {isa = PBXFileReference; includeInIndex = 1; lastKnownFileType = text.xcconfig; name = "Pods-AppStoreTests.release.xcconfig"; path = "Target Support Files/Pods-AppStoreTests/Pods-AppStoreTests.release.xcconfig"; sourceTree = "<group>"; };
		FEF9B193C15F716FC626D4FB /* Pods-AppStore.debug.xcconfig */ = {isa = PBXFileReference; includeInIndex = 1; lastKnownFileType = text.xcconfig; name = "Pods-AppStore.debug.xcconfig"; path = "Target Support Files/Pods-AppStore/Pods-AppStore.debug.xcconfig"; sourceTree = "<group>"; };
/* End PBXFileReference section */

/* Begin PBXFrameworksBuildPhase section */
		39EFAFBA247114BE00A5E02C /* Frameworks */ = {
			isa = PBXFrameworksBuildPhase;
			buildActionMask = 2147483647;
			files = (
				97AC37A0E5FBECD0226AC527 /* Pods_AppStore.framework in Frameworks */,
			);
			runOnlyForDeploymentPostprocessing = 0;
		};
		39EFAFD0247114C200A5E02C /* Frameworks */ = {
			isa = PBXFrameworksBuildPhase;
			buildActionMask = 2147483647;
			files = (
				78A8C7107EEEAB63FDE6B84A /* Pods_AppStoreTests.framework in Frameworks */,
			);
			runOnlyForDeploymentPostprocessing = 0;
		};
/* End PBXFrameworksBuildPhase section */

/* Begin PBXGroup section */
		392D248F2475153F00D74292 /* Apps */ = {
			isa = PBXGroup;
			children = (
				39793154247B971B00216F70 /* Defails */,
				392D24902475155500D74292 /* AppsPageController.swift */,
				392D249724751BF400D74292 /* AppsHorizontalController.swift */,
				397D23B824765AC5002F116E /* AppsHeaderHorizontalController.swift */,
			);
			path = Apps;
			sourceTree = "<group>";
		};
		392D2494247518CC00D74292 /* Apps */ = {
			isa = PBXGroup;
			children = (
				39793157247BA54E00216F70 /* Defails */,
				392D2495247518D800D74292 /* AppsGroupCell.swift */,
				39F1D70624755890004F0AB9 /* AppRowCell.swift */,
				39F1D70A24755E8B004F0AB9 /* AppsPageHeader.swift */,
				397D23BA24765C6A002F116E /* AppsHeaderCell.swift */,
			);
			path = Apps;
			sourceTree = "<group>";
		};
		39793154247B971B00216F70 /* Defails */ = {
			isa = PBXGroup;
			children = (
				39793155247B974000216F70 /* AppDetailController.swift */,
				392D2248247BB6B40090E326 /* PreviewScreenHotsController.swift */,
				392D224C247BE9BA0090E326 /* ReviewsController.swift */,
			);
			path = Defails;
			sourceTree = "<group>";
		};
		39793157247BA54E00216F70 /* Defails */ = {
			isa = PBXGroup;
			children = (
				39793158247BA5A000216F70 /* AppDetailCell.swift */,
				392D2246247BB57E0090E326 /* PreviewCell.swift */,
				392D224A247BE8310090E326 /* ReviewRowCell.swift */,
				392D224E247BEB290090E326 /* ReviewCell.swift */,
			);
			path = Defails;
			sourceTree = "<group>";
		};
		39D213932474018400030C8B /* Model */ = {
			isa = PBXGroup;
			children = (
				39D213942474019C00030C8B /* SearchResult.swift */,
				397D23BC247665AD002F116E /* AppGroup.swift */,
				399BFF7A2476B1B800FE873E /* SocialApp.swift */,
				392D2250247BF13C0090E326 /* Reviews.swift */,
			);
			path = Model;
			sourceTree = "<group>";
		};
		39D213962474054D00030C8B /* Service */ = {
			isa = PBXGroup;
			children = (
				39D213972474055800030C8B /* Service.swift */,
			);
			path = Service;
			sourceTree = "<group>";
		};
		39EFAFB4247114BE00A5E02C = {
			isa = PBXGroup;
			children = (
				39EFAFBF247114BE00A5E02C /* AppStore */,
				39EFAFD6247114C200A5E02C /* AppStoreTests */,
				39EFAFBE247114BE00A5E02C /* Products */,
				8794C4E314878B2623815B21 /* Pods */,
				5EB1B3C2AA8AAAE8B33572AA /* Frameworks */,
			);
			sourceTree = "<group>";
		};
		39EFAFBE247114BE00A5E02C /* Products */ = {
			isa = PBXGroup;
			children = (
				39EFAFBD247114BE00A5E02C /* AppStore.app */,
				39EFAFD3247114C200A5E02C /* AppStoreTests.xctest */,
			);
			name = Products;
			sourceTree = "<group>";
		};
		39EFAFBF247114BE00A5E02C /* AppStore */ = {
			isa = PBXGroup;
			children = (
				39D213962474054D00030C8B /* Service */,
				39D213932474018400030C8B /* Model */,
				39EFB0172472AEC700A5E02C /* Helpers */,
				39EFB014247132FD00A5E02C /* Views */,
				39EFB00E2471170700A5E02C /* ViewControllers */,
				39EFAFC0247114BE00A5E02C /* AppDelegate.swift */,
				39EFAFC2247114BE00A5E02C /* SceneDelegate.swift */,
				39EFAFC9247114C200A5E02C /* Assets.xcassets */,
				39EFAFCB247114C200A5E02C /* LaunchScreen.storyboard */,
				39EFAFCE247114C200A5E02C /* Info.plist */,
			);
			path = AppStore;
			sourceTree = "<group>";
		};
		39EFAFD6247114C200A5E02C /* AppStoreTests */ = {
			isa = PBXGroup;
			children = (
				39EFAFD7247114C200A5E02C /* AppStoreTests.swift */,
				39EFAFD9247114C200A5E02C /* Info.plist */,
			);
			path = AppStoreTests;
			sourceTree = "<group>";
		};
		39EFB00E2471170700A5E02C /* ViewControllers */ = {
			isa = PBXGroup;
			children = (
				392D248F2475153F00D74292 /* Apps */,
				39EFB00F2471171300A5E02C /* TabbarControllers */,
				39EFB012247122EB00A5E02C /* AppsSearchController.swift */,
				392D24922475163600D74292 /* BaseListController.swift */,
				39519A49247B6FB9005976BD /* HorizontalSnappingController.swift */,
			);
			path = ViewControllers;
			sourceTree = "<group>";
		};
		39EFB00F2471171300A5E02C /* TabbarControllers */ = {
			isa = PBXGroup;
			children = (
				39EFB0102471173100A5E02C /* BaseTabBarController.swift */,
			);
			path = TabbarControllers;
			sourceTree = "<group>";
		};
		39EFB014247132FD00A5E02C /* Views */ = {
			isa = PBXGroup;
			children = (
				392D2494247518CC00D74292 /* Apps */,
				39EFB0152471332000A5E02C /* SearchResultCell.swift */,
			);
			path = Views;
			sourceTree = "<group>";
		};
		39EFB0172472AEC700A5E02C /* Helpers */ = {
			isa = PBXGroup;
			children = (
				39EFB0182472AEF800A5E02C /* UIView+Layout.swift */,
				39EFB01A2472B7A800A5E02C /* VerticalStackView.swift */,
				39F1D70824755945004F0AB9 /* Extensions.swift */,
				39519A4B247B7635005976BD /* BetterSnappingLayout.swift */,
			);
			path = Helpers;
			sourceTree = "<group>";
		};
		5EB1B3C2AA8AAAE8B33572AA /* Frameworks */ = {
			isa = PBXGroup;
			children = (
				2CDA13BD76404A0B10ACA904 /* Pods_AppStore.framework */,
				A85BE23914FFCE7F323BF3CD /* Pods_AppStoreTests.framework */,
			);
			name = Frameworks;
			sourceTree = "<group>";
		};
		8794C4E314878B2623815B21 /* Pods */ = {
			isa = PBXGroup;
			children = (
				FEF9B193C15F716FC626D4FB /* Pods-AppStore.debug.xcconfig */,
				9F82342676EF4BC966377CA0 /* Pods-AppStore.release.xcconfig */,
				7F3808451271A43093319A2E /* Pods-AppStoreTests.debug.xcconfig */,
				EB6DF6599BF9B8681B4000FF /* Pods-AppStoreTests.release.xcconfig */,
			);
			path = Pods;
			sourceTree = "<group>";
		};
/* End PBXGroup section */

/* Begin PBXNativeTarget section */
		39EFAFBC247114BE00A5E02C /* AppStore */ = {
			isa = PBXNativeTarget;
			buildConfigurationList = 39EFAFDC247114C200A5E02C /* Build configuration list for PBXNativeTarget "AppStore" */;
			buildPhases = (
				D3B768266A6EA4732337530B /* [CP] Check Pods Manifest.lock */,
				39EFAFB9247114BE00A5E02C /* Sources */,
				39EFAFBA247114BE00A5E02C /* Frameworks */,
				39EFAFBB247114BE00A5E02C /* Resources */,
				F783EA07D0FD723B14CC68CC /* [CP] Embed Pods Frameworks */,
			);
			buildRules = (
			);
			dependencies = (
			);
			name = AppStore;
			productName = AppStore;
			productReference = 39EFAFBD247114BE00A5E02C /* AppStore.app */;
			productType = "com.apple.product-type.application";
		};
		39EFAFD2247114C200A5E02C /* AppStoreTests */ = {
			isa = PBXNativeTarget;
			buildConfigurationList = 39EFAFDF247114C200A5E02C /* Build configuration list for PBXNativeTarget "AppStoreTests" */;
			buildPhases = (
				B8829757A30BB973A0BD4992 /* [CP] Check Pods Manifest.lock */,
				39EFAFCF247114C200A5E02C /* Sources */,
				39EFAFD0247114C200A5E02C /* Frameworks */,
				39EFAFD1247114C200A5E02C /* Resources */,
			);
			buildRules = (
			);
			dependencies = (
				39EFAFD5247114C200A5E02C /* PBXTargetDependency */,
			);
			name = AppStoreTests;
			productName = AppStoreTests;
			productReference = 39EFAFD3247114C200A5E02C /* AppStoreTests.xctest */;
			productType = "com.apple.product-type.bundle.unit-test";
		};
/* End PBXNativeTarget section */

/* Begin PBXProject section */
		39EFAFB5247114BE00A5E02C /* Project object */ = {
			isa = PBXProject;
			attributes = {
				LastSwiftUpdateCheck = 1140;
				LastUpgradeCheck = 1140;
				ORGANIZATIONNAME = Min;
				TargetAttributes = {
					39EFAFBC247114BE00A5E02C = {
						CreatedOnToolsVersion = 11.4.1;
					};
					39EFAFD2247114C200A5E02C = {
						CreatedOnToolsVersion = 11.4.1;
						TestTargetID = 39EFAFBC247114BE00A5E02C;
					};
				};
			};
			buildConfigurationList = 39EFAFB8247114BE00A5E02C /* Build configuration list for PBXProject "AppStore" */;
			compatibilityVersion = "Xcode 9.3";
			developmentRegion = en;
			hasScannedForEncodings = 0;
			knownRegions = (
				en,
				Base,
			);
			mainGroup = 39EFAFB4247114BE00A5E02C;
			productRefGroup = 39EFAFBE247114BE00A5E02C /* Products */;
			projectDirPath = "";
			projectRoot = "";
			targets = (
				39EFAFBC247114BE00A5E02C /* AppStore */,
				39EFAFD2247114C200A5E02C /* AppStoreTests */,
			);
		};
/* End PBXProject section */

/* Begin PBXResourcesBuildPhase section */
		39EFAFBB247114BE00A5E02C /* Resources */ = {
			isa = PBXResourcesBuildPhase;
			buildActionMask = 2147483647;
			files = (
				39EFAFCD247114C200A5E02C /* LaunchScreen.storyboard in Resources */,
				39EFAFCA247114C200A5E02C /* Assets.xcassets in Resources */,
			);
			runOnlyForDeploymentPostprocessing = 0;
		};
		39EFAFD1247114C200A5E02C /* Resources */ = {
			isa = PBXResourcesBuildPhase;
			buildActionMask = 2147483647;
			files = (
			);
			runOnlyForDeploymentPostprocessing = 0;
		};
/* End PBXResourcesBuildPhase section */

/* Begin PBXShellScriptBuildPhase section */
		B8829757A30BB973A0BD4992 /* [CP] Check Pods Manifest.lock */ = {
			isa = PBXShellScriptBuildPhase;
			buildActionMask = 2147483647;
			files = (
			);
			inputFileListPaths = (
			);
			inputPaths = (
				"${PODS_PODFILE_DIR_PATH}/Podfile.lock",
				"${PODS_ROOT}/Manifest.lock",
			);
			name = "[CP] Check Pods Manifest.lock";
			outputFileListPaths = (
			);
			outputPaths = (
				"$(DERIVED_FILE_DIR)/Pods-AppStoreTests-checkManifestLockResult.txt",
			);
			runOnlyForDeploymentPostprocessing = 0;
			shellPath = /bin/sh;
			shellScript = "diff \"${PODS_PODFILE_DIR_PATH}/Podfile.lock\" \"${PODS_ROOT}/Manifest.lock\" > /dev/null\nif [ $? != 0 ] ; then\n    # print error to STDERR\n    echo \"error: The sandbox is not in sync with the Podfile.lock. Run 'pod install' or update your CocoaPods installation.\" >&2\n    exit 1\nfi\n# This output is used by Xcode 'outputs' to avoid re-running this script phase.\necho \"SUCCESS\" > \"${SCRIPT_OUTPUT_FILE_0}\"\n";
			showEnvVarsInLog = 0;
		};
		D3B768266A6EA4732337530B /* [CP] Check Pods Manifest.lock */ = {
			isa = PBXShellScriptBuildPhase;
			buildActionMask = 2147483647;
			files = (
			);
			inputFileListPaths = (
			);
			inputPaths = (
				"${PODS_PODFILE_DIR_PATH}/Podfile.lock",
				"${PODS_ROOT}/Manifest.lock",
			);
			name = "[CP] Check Pods Manifest.lock";
			outputFileListPaths = (
			);
			outputPaths = (
				"$(DERIVED_FILE_DIR)/Pods-AppStore-checkManifestLockResult.txt",
			);
			runOnlyForDeploymentPostprocessing = 0;
			shellPath = /bin/sh;
			shellScript = "diff \"${PODS_PODFILE_DIR_PATH}/Podfile.lock\" \"${PODS_ROOT}/Manifest.lock\" > /dev/null\nif [ $? != 0 ] ; then\n    # print error to STDERR\n    echo \"error: The sandbox is not in sync with the Podfile.lock. Run 'pod install' or update your CocoaPods installation.\" >&2\n    exit 1\nfi\n# This output is used by Xcode 'outputs' to avoid re-running this script phase.\necho \"SUCCESS\" > \"${SCRIPT_OUTPUT_FILE_0}\"\n";
			showEnvVarsInLog = 0;
		};
		F783EA07D0FD723B14CC68CC /* [CP] Embed Pods Frameworks */ = {
			isa = PBXShellScriptBuildPhase;
			buildActionMask = 2147483647;
			files = (
			);
			inputFileListPaths = (
				"${PODS_ROOT}/Target Support Files/Pods-AppStore/Pods-AppStore-frameworks-${CONFIGURATION}-input-files.xcfilelist",
			);
			name = "[CP] Embed Pods Frameworks";
			outputFileListPaths = (
				"${PODS_ROOT}/Target Support Files/Pods-AppStore/Pods-AppStore-frameworks-${CONFIGURATION}-output-files.xcfilelist",
			);
			runOnlyForDeploymentPostprocessing = 0;
			shellPath = /bin/sh;
			shellScript = "\"${PODS_ROOT}/Target Support Files/Pods-AppStore/Pods-AppStore-frameworks.sh\"\n";
			showEnvVarsInLog = 0;
		};
/* End PBXShellScriptBuildPhase section */

/* Begin PBXSourcesBuildPhase section */
		39EFAFB9247114BE00A5E02C /* Sources */ = {
			isa = PBXSourcesBuildPhase;
			buildActionMask = 2147483647;
			files = (
				39EFB0112471173100A5E02C /* BaseTabBarController.swift in Sources */,
				39519A4C247B7635005976BD /* BetterSnappingLayout.swift in Sources */,
				399BFF7B2476B1B800FE873E /* SocialApp.swift in Sources */,
				392D224F247BEB290090E326 /* ReviewCell.swift in Sources */,
				392D24912475155500D74292 /* AppsPageController.swift in Sources */,
				39793159247BA5A000216F70 /* AppDetailCell.swift in Sources */,
				39D213952474019C00030C8B /* SearchResult.swift in Sources */,
				39EFAFC1247114BE00A5E02C /* AppDelegate.swift in Sources */,
				39EFB013247122EB00A5E02C /* AppsSearchController.swift in Sources */,
				392D2496247518D800D74292 /* AppsGroupCell.swift in Sources */,
				39EFB0162471332000A5E02C /* SearchResultCell.swift in Sources */,
				39EFB01B2472B7A800A5E02C /* VerticalStackView.swift in Sources */,
				392D249824751BF400D74292 /* AppsHorizontalController.swift in Sources */,
				392D2249247BB6B40090E326 /* PreviewScreenHotsController.swift in Sources */,
				397D23B924765AC5002F116E /* AppsHeaderHorizontalController.swift in Sources */,
				392D224B247BE8310090E326 /* ReviewRowCell.swift in Sources */,
				39F1D70B24755E8B004F0AB9 /* AppsPageHeader.swift in Sources */,
				39D213982474055800030C8B /* Service.swift in Sources */,
				39F1D70924755945004F0AB9 /* Extensions.swift in Sources */,
				392D2247247BB57E0090E326 /* PreviewCell.swift in Sources */,
				392D224D247BE9BA0090E326 /* ReviewsController.swift in Sources */,
				392D2251247BF13C0090E326 /* Reviews.swift in Sources */,
				39EFB0192472AEF800A5E02C /* UIView+Layout.swift in Sources */,
				397D23BD247665AD002F116E /* AppGroup.swift in Sources */,
				397D23BB24765C6A002F116E /* AppsHeaderCell.swift in Sources */,
				39793156247B974000216F70 /* AppDetailController.swift in Sources */,
				39519A4A247B6FB9005976BD /* HorizontalSnappingController.swift in Sources */,
				392D24932475163600D74292 /* BaseListController.swift in Sources */,
				39EFAFC3247114BE00A5E02C /* SceneDelegate.swift in Sources */,
				39F1D70724755890004F0AB9 /* AppRowCell.swift in Sources */,
			);
			runOnlyForDeploymentPostprocessing = 0;
		};
		39EFAFCF247114C200A5E02C /* Sources */ = {
			isa = PBXSourcesBuildPhase;
			buildActionMask = 2147483647;
			files = (
				39EFAFD8247114C200A5E02C /* AppStoreTests.swift in Sources */,
			);
			runOnlyForDeploymentPostprocessing = 0;
		};
/* End PBXSourcesBuildPhase section */

/* Begin PBXTargetDependency section */
		39EFAFD5247114C200A5E02C /* PBXTargetDependency */ = {
			isa = PBXTargetDependency;
			target = 39EFAFBC247114BE00A5E02C /* AppStore */;
			targetProxy = 39EFAFD4247114C200A5E02C /* PBXContainerItemProxy */;
		};
/* End PBXTargetDependency section */

/* Begin PBXVariantGroup section */
		39EFAFCB247114C200A5E02C /* LaunchScreen.storyboard */ = {
			isa = PBXVariantGroup;
			children = (
				39EFAFCC247114C200A5E02C /* Base */,
			);
			name = LaunchScreen.storyboard;
			sourceTree = "<group>";
		};
/* End PBXVariantGroup section */

/* Begin XCBuildConfiguration section */
		39EFAFDA247114C200A5E02C /* Debug */ = {
			isa = XCBuildConfiguration;
			buildSettings = {
				ALWAYS_SEARCH_USER_PATHS = NO;
				CLANG_ANALYZER_NONNULL = YES;
				CLANG_ANALYZER_NUMBER_OBJECT_CONVERSION = YES_AGGRESSIVE;
				CLANG_CXX_LANGUAGE_STANDARD = "gnu++14";
				CLANG_CXX_LIBRARY = "libc++";
				CLANG_ENABLE_MODULES = YES;
				CLANG_ENABLE_OBJC_ARC = YES;
				CLANG_ENABLE_OBJC_WEAK = YES;
				CLANG_WARN_BLOCK_CAPTURE_AUTORELEASING = YES;
				CLANG_WARN_BOOL_CONVERSION = YES;
				CLANG_WARN_COMMA = YES;
				CLANG_WARN_CONSTANT_CONVERSION = YES;
				CLANG_WARN_DEPRECATED_OBJC_IMPLEMENTATIONS = YES;
				CLANG_WARN_DIRECT_OBJC_ISA_USAGE = YES_ERROR;
				CLANG_WARN_DOCUMENTATION_COMMENTS = YES;
				CLANG_WARN_EMPTY_BODY = YES;
				CLANG_WARN_ENUM_CONVERSION = YES;
				CLANG_WARN_INFINITE_RECURSION = YES;
				CLANG_WARN_INT_CONVERSION = YES;
				CLANG_WARN_NON_LITERAL_NULL_CONVERSION = YES;
				CLANG_WARN_OBJC_IMPLICIT_RETAIN_SELF = YES;
				CLANG_WARN_OBJC_LITERAL_CONVERSION = YES;
				CLANG_WARN_OBJC_ROOT_CLASS = YES_ERROR;
				CLANG_WARN_RANGE_LOOP_ANALYSIS = YES;
				CLANG_WARN_STRICT_PROTOTYPES = YES;
				CLANG_WARN_SUSPICIOUS_MOVE = YES;
				CLANG_WARN_UNGUARDED_AVAILABILITY = YES_AGGRESSIVE;
				CLANG_WARN_UNREACHABLE_CODE = YES;
				CLANG_WARN__DUPLICATE_METHOD_MATCH = YES;
				COPY_PHASE_STRIP = NO;
				DEBUG_INFORMATION_FORMAT = dwarf;
				ENABLE_STRICT_OBJC_MSGSEND = YES;
				ENABLE_TESTABILITY = YES;
				GCC_C_LANGUAGE_STANDARD = gnu11;
				GCC_DYNAMIC_NO_PIC = NO;
				GCC_NO_COMMON_BLOCKS = YES;
				GCC_OPTIMIZATION_LEVEL = 0;
				GCC_PREPROCESSOR_DEFINITIONS = (
					"DEBUG=1",
					"$(inherited)",
				);
				GCC_WARN_64_TO_32_BIT_CONVERSION = YES;
				GCC_WARN_ABOUT_RETURN_TYPE = YES_ERROR;
				GCC_WARN_UNDECLARED_SELECTOR = YES;
				GCC_WARN_UNINITIALIZED_AUTOS = YES_AGGRESSIVE;
				GCC_WARN_UNUSED_FUNCTION = YES;
				GCC_WARN_UNUSED_VARIABLE = YES;
				IPHONEOS_DEPLOYMENT_TARGET = 13.4;
				MTL_ENABLE_DEBUG_INFO = INCLUDE_SOURCE;
				MTL_FAST_MATH = YES;
				ONLY_ACTIVE_ARCH = YES;
				SDKROOT = iphoneos;
				SWIFT_ACTIVE_COMPILATION_CONDITIONS = DEBUG;
				SWIFT_OPTIMIZATION_LEVEL = "-Onone";
			};
			name = Debug;
		};
		39EFAFDB247114C200A5E02C /* Release */ = {
			isa = XCBuildConfiguration;
			buildSettings = {
				ALWAYS_SEARCH_USER_PATHS = NO;
				CLANG_ANALYZER_NONNULL = YES;
				CLANG_ANALYZER_NUMBER_OBJECT_CONVERSION = YES_AGGRESSIVE;
				CLANG_CXX_LANGUAGE_STANDARD = "gnu++14";
				CLANG_CXX_LIBRARY = "libc++";
				CLANG_ENABLE_MODULES = YES;
				CLANG_ENABLE_OBJC_ARC = YES;
				CLANG_ENABLE_OBJC_WEAK = YES;
				CLANG_WARN_BLOCK_CAPTURE_AUTORELEASING = YES;
				CLANG_WARN_BOOL_CONVERSION = YES;
				CLANG_WARN_COMMA = YES;
				CLANG_WARN_CONSTANT_CONVERSION = YES;
				CLANG_WARN_DEPRECATED_OBJC_IMPLEMENTATIONS = YES;
				CLANG_WARN_DIRECT_OBJC_ISA_USAGE = YES_ERROR;
				CLANG_WARN_DOCUMENTATION_COMMENTS = YES;
				CLANG_WARN_EMPTY_BODY = YES;
				CLANG_WARN_ENUM_CONVERSION = YES;
				CLANG_WARN_INFINITE_RECURSION = YES;
				CLANG_WARN_INT_CONVERSION = YES;
				CLANG_WARN_NON_LITERAL_NULL_CONVERSION = YES;
				CLANG_WARN_OBJC_IMPLICIT_RETAIN_SELF = YES;
				CLANG_WARN_OBJC_LITERAL_CONVERSION = YES;
				CLANG_WARN_OBJC_ROOT_CLASS = YES_ERROR;
				CLANG_WARN_RANGE_LOOP_ANALYSIS = YES;
				CLANG_WARN_STRICT_PROTOTYPES = YES;
				CLANG_WARN_SUSPICIOUS_MOVE = YES;
				CLANG_WARN_UNGUARDED_AVAILABILITY = YES_AGGRESSIVE;
				CLANG_WARN_UNREACHABLE_CODE = YES;
				CLANG_WARN__DUPLICATE_METHOD_MATCH = YES;
				COPY_PHASE_STRIP = NO;
				DEBUG_INFORMATION_FORMAT = "dwarf-with-dsym";
				ENABLE_NS_ASSERTIONS = NO;
				ENABLE_STRICT_OBJC_MSGSEND = YES;
				GCC_C_LANGUAGE_STANDARD = gnu11;
				GCC_NO_COMMON_BLOCKS = YES;
				GCC_WARN_64_TO_32_BIT_CONVERSION = YES;
				GCC_WARN_ABOUT_RETURN_TYPE = YES_ERROR;
				GCC_WARN_UNDECLARED_SELECTOR = YES;
				GCC_WARN_UNINITIALIZED_AUTOS = YES_AGGRESSIVE;
				GCC_WARN_UNUSED_FUNCTION = YES;
				GCC_WARN_UNUSED_VARIABLE = YES;
				IPHONEOS_DEPLOYMENT_TARGET = 13.4;
				MTL_ENABLE_DEBUG_INFO = NO;
				MTL_FAST_MATH = YES;
				SDKROOT = iphoneos;
				SWIFT_COMPILATION_MODE = wholemodule;
				SWIFT_OPTIMIZATION_LEVEL = "-O";
				VALIDATE_PRODUCT = YES;
			};
			name = Release;
		};
		39EFAFDD247114C200A5E02C /* Debug */ = {
			isa = XCBuildConfiguration;
			baseConfigurationReference = FEF9B193C15F716FC626D4FB /* Pods-AppStore.debug.xcconfig */;
			buildSettings = {
				ASSETCATALOG_COMPILER_APPICON_NAME = AppIcon;
				CODE_SIGN_STYLE = Automatic;
				DEVELOPMENT_TEAM = 2W4XUH8LUQ;
				INFOPLIST_FILE = AppStore/Info.plist;
				IPHONEOS_DEPLOYMENT_TARGET = 13.0;
				LD_RUNPATH_SEARCH_PATHS = (
					"$(inherited)",
					"@executable_path/Frameworks",
				);
				PRODUCT_BUNDLE_IDENTIFIER = com.min.AppStore;
				PRODUCT_NAME = "$(TARGET_NAME)";
				SWIFT_VERSION = 5.0;
				TARGETED_DEVICE_FAMILY = "1,2";
			};
			name = Debug;
		};
		39EFAFDE247114C200A5E02C /* Release */ = {
			isa = XCBuildConfiguration;
			baseConfigurationReference = 9F82342676EF4BC966377CA0 /* Pods-AppStore.release.xcconfig */;
			buildSettings = {
				ASSETCATALOG_COMPILER_APPICON_NAME = AppIcon;
				CODE_SIGN_STYLE = Automatic;
				DEVELOPMENT_TEAM = 2W4XUH8LUQ;
				INFOPLIST_FILE = AppStore/Info.plist;
				IPHONEOS_DEPLOYMENT_TARGET = 13.0;
				LD_RUNPATH_SEARCH_PATHS = (
					"$(inherited)",
					"@executable_path/Frameworks",
				);
				PRODUCT_BUNDLE_IDENTIFIER = com.min.AppStore;
				PRODUCT_NAME = "$(TARGET_NAME)";
				SWIFT_VERSION = 5.0;
				TARGETED_DEVICE_FAMILY = "1,2";
			};
			name = Release;
		};
		39EFAFE0247114C200A5E02C /* Debug */ = {
			isa = XCBuildConfiguration;
			baseConfigurationReference = 7F3808451271A43093319A2E /* Pods-AppStoreTests.debug.xcconfig */;
			buildSettings = {
				ALWAYS_EMBED_SWIFT_STANDARD_LIBRARIES = YES;
				BUNDLE_LOADER = "$(TEST_HOST)";
				CODE_SIGN_STYLE = Automatic;
				DEVELOPMENT_TEAM = 2W4XUH8LUQ;
				INFOPLIST_FILE = AppStoreTests/Info.plist;
				IPHONEOS_DEPLOYMENT_TARGET = 13.4;
				LD_RUNPATH_SEARCH_PATHS = (
					"$(inherited)",
					"@executable_path/Frameworks",
					"@loader_path/Frameworks",
				);
				PRODUCT_BUNDLE_IDENTIFIER = com.min.AppStoreTests;
				PRODUCT_NAME = "$(TARGET_NAME)";
				SWIFT_VERSION = 5.0;
				TARGETED_DEVICE_FAMILY = "1,2";
				TEST_HOST = "$(BUILT_PRODUCTS_DIR)/AppStore.app/AppStore";
			};
			name = Debug;
		};
		39EFAFE1247114C200A5E02C /* Release */ = {
			isa = XCBuildConfiguration;
			baseConfigurationReference = EB6DF6599BF9B8681B4000FF /* Pods-AppStoreTests.release.xcconfig */;
			buildSettings = {
				ALWAYS_EMBED_SWIFT_STANDARD_LIBRARIES = YES;
				BUNDLE_LOADER = "$(TEST_HOST)";
				CODE_SIGN_STYLE = Automatic;
				DEVELOPMENT_TEAM = 2W4XUH8LUQ;
				INFOPLIST_FILE = AppStoreTests/Info.plist;
				IPHONEOS_DEPLOYMENT_TARGET = 13.4;
				LD_RUNPATH_SEARCH_PATHS = (
					"$(inherited)",
					"@executable_path/Frameworks",
					"@loader_path/Frameworks",
				);
				PRODUCT_BUNDLE_IDENTIFIER = com.min.AppStoreTests;
				PRODUCT_NAME = "$(TARGET_NAME)";
				SWIFT_VERSION = 5.0;
				TARGETED_DEVICE_FAMILY = "1,2";
				TEST_HOST = "$(BUILT_PRODUCTS_DIR)/AppStore.app/AppStore";
			};
			name = Release;
		};
/* End XCBuildConfiguration section */

/* Begin XCConfigurationList section */
		39EFAFB8247114BE00A5E02C /* Build configuration list for PBXProject "AppStore" */ = {
			isa = XCConfigurationList;
			buildConfigurations = (
				39EFAFDA247114C200A5E02C /* Debug */,
				39EFAFDB247114C200A5E02C /* Release */,
			);
			defaultConfigurationIsVisible = 0;
			defaultConfigurationName = Release;
		};
		39EFAFDC247114C200A5E02C /* Build configuration list for PBXNativeTarget "AppStore" */ = {
			isa = XCConfigurationList;
			buildConfigurations = (
				39EFAFDD247114C200A5E02C /* Debug */,
				39EFAFDE247114C200A5E02C /* Release */,
			);
			defaultConfigurationIsVisible = 0;
			defaultConfigurationName = Release;
		};
		39EFAFDF247114C200A5E02C /* Build configuration list for PBXNativeTarget "AppStoreTests" */ = {
			isa = XCConfigurationList;
			buildConfigurations = (
				39EFAFE0247114C200A5E02C /* Debug */,
				39EFAFE1247114C200A5E02C /* Release */,
			);
			defaultConfigurationIsVisible = 0;
			defaultConfigurationName = Release;
		};
/* End XCConfigurationList section */
	};
	rootObject = 39EFAFB5247114BE00A5E02C /* Project object */;
}
